
Microsoft Visual Studio Solution File, Format Version 12.00
# Visual Studio 15
VisualStudioVersion = 15.0.26730.16
MinimumVisualStudioVersion = 10.0.40219.1
Project("{FAE04EC0-301F-11D3-BF4B-00C04F79EFBC}") = "MovieRental", "MovieRental\MovieRental.csproj", "{E4D7C517-802B-4467-820E-004DB3F7C3F8}"
EndProject
Project("{FAE04EC0-301F-11D3-BF4B-00C04F79EFBC}") = "Data", "Data\Data.csproj", "{92348AE7-0A6B-451E-BB47-95A6034921AF}"
EndProject
Global
	GlobalSection(SolutionConfigurationPlatforms) = preSolution
		Debug|Any CPU = Debug|Any CPU
		Release|Any CPU = Release|Any CPU
	EndGlobalSection
	GlobalSection(ProjectConfigurationPlatforms) = postSolution
		{E4D7C517-802B-4467-820E-004DB3F7C3F8}.Debug|Any CPU.ActiveCfg = Debug|Any CPU
		{E4D7C517-802B-4467-820E-004DB3F7C3F8}.Debug|Any CPU.Build.0 = Debug|Any CPU
		{E4D7C517-802B-4467-820E-004DB3F7C3F8}.Release|Any CPU.ActiveCfg = Release|Any CPU
		{E4D7C517-802B-4467-820E-004DB3F7C3F8}.Release|Any CPU.Build.0 = Release|Any CPU
		{92348AE7-0A6B-451E-BB47-95A6034921AF}.Debug|Any CPU.ActiveCfg = Debug|Any CPU
		{92348AE7-0A6B-451E-BB47-95A6034921AF}.Debug|Any CPU.Build.0 = Debug|Any CPU
		{92348AE7-0A6B-451E-BB47-95A6034921AF}.Release|Any CPU.ActiveCfg = Release|Any CPU
		{92348AE7-0A6B-451E-BB47-95A6034921AF}.Release|Any CPU.Build.0 = Release|Any CPU
	EndGlobalSection
	GlobalSection(SolutionProperties) = preSolution
		HideSolutionNode = FALSE
	EndGlobalSection
	GlobalSection(ExtensibilityGlobals) = postSolution
		SolutionGuid = {E3785E6A-190B-4E72-8575-B78AD3BF8883}
	EndGlobalSection
EndGlobal
